
Microsoft Visual Studio Solution File, Format Version 12.00
# Visual Studio 2013
VisualStudioVersion = 12.0.21005.1
MinimumVisualStudioVersion = 10.0.40219.1
Project("{FAE04EC0-301F-11D3-BF4B-00C04F79EFBC}") = "ProPresentation", "ProPresentation\ProPresentation.csproj", "{07BAE8D0-1D75-4F0C-B8BD-482D725829EE}"
EndProject
Project("{6141683F-8A12-4E36-9623-2EB02B2C2303}") = "Setup", "Setup\Setup.isproj", "{5E4E73F4-8083-4C31-A734-8FEF21B43D81}"
EndProject
Global
	GlobalSection(SolutionConfigurationPlatforms) = preSolution
		CD_ROM|Any CPU = CD_ROM|Any CPU
		Debug|Any CPU = Debug|Any CPU
		DVD-5|Any CPU = DVD-5|Any CPU
		Release|Any CPU = Release|Any CPU
		SingleImage|Any CPU = SingleImage|Any CPU
	EndGlobalSection
	GlobalSection(ProjectConfigurationPlatforms) = postSolution
		{07BAE8D0-1D75-4F0C-B8BD-482D725829EE}.CD_ROM|Any CPU.ActiveCfg = Release|Any CPU
		{07BAE8D0-1D75-4F0C-B8BD-482D725829EE}.CD_ROM|Any CPU.Build.0 = Release|Any CPU
		{07BAE8D0-1D75-4F0C-B8BD-482D725829EE}.Debug|Any CPU.ActiveCfg = Debug|Any CPU
		{07BAE8D0-1D75-4F0C-B8BD-482D725829EE}.Debug|Any CPU.Build.0 = Debug|Any CPU
		{07BAE8D0-1D75-4F0C-B8BD-482D725829EE}.DVD-5|Any CPU.ActiveCfg = Debug|Any CPU
		{07BAE8D0-1D75-4F0C-B8BD-482D725829EE}.DVD-5|Any CPU.Build.0 = Debug|Any CPU
		{07BAE8D0-1D75-4F0C-B8BD-482D725829EE}.Release|Any CPU.ActiveCfg = Release|Any CPU
		{07BAE8D0-1D75-4F0C-B8BD-482D725829EE}.Release|Any CPU.Build.0 = Release|Any CPU
		{07BAE8D0-1D75-4F0C-B8BD-482D725829EE}.Release|Any CPU.Deploy.0 = Release|Any CPU
		{07BAE8D0-1D75-4F0C-B8BD-482D725829EE}.SingleImage|Any CPU.ActiveCfg = Release|Any CPU
		{07BAE8D0-1D75-4F0C-B8BD-482D725829EE}.SingleImage|Any CPU.Build.0 = Release|Any CPU
		{5E4E73F4-8083-4C31-A734-8FEF21B43D81}.CD_ROM|Any CPU.ActiveCfg = CD_ROM
		{5E4E73F4-8083-4C31-A734-8FEF21B43D81}.CD_ROM|Any CPU.Build.0 = CD_ROM
		{5E4E73F4-8083-4C31-A734-8FEF21B43D81}.Debug|Any CPU.ActiveCfg = SingleImage
		{5E4E73F4-8083-4C31-A734-8FEF21B43D81}.Debug|Any CPU.Build.0 = SingleImage
		{5E4E73F4-8083-4C31-A734-8FEF21B43D81}.DVD-5|Any CPU.ActiveCfg = DVD-5
		{5E4E73F4-8083-4C31-A734-8FEF21B43D81}.DVD-5|Any CPU.Build.0 = DVD-5
		{5E4E73F4-8083-4C31-A734-8FEF21B43D81}.Release|Any CPU.ActiveCfg = SingleImage
		{5E4E73F4-8083-4C31-A734-8FEF21B43D81}.Release|Any CPU.Build.0 = SingleImage
		{5E4E73F4-8083-4C31-A734-8FEF21B43D81}.SingleImage|Any CPU.ActiveCfg = SingleImage
		{5E4E73F4-8083-4C31-A734-8FEF21B43D81}.SingleImage|Any CPU.Build.0 = SingleImage
	EndGlobalSection
	GlobalSection(SolutionProperties) = preSolution
		HideSolutionNode = FALSE
	EndGlobalSection
EndGlobal
